{
  "name": "words625",
  "version": "1.0.0",
  "lockfileVersion": 1,
  "requires": true,
  "dependencies": {
    "wordnet-db": {
      "version": "3.1.11",
      "resolved": "https://registry.npmjs.org/wordnet-db/-/wordnet-db-3.1.11.tgz",
      "integrity": "sha512-gU1pmI6SaXA38fA62OoJz1LAYo2B9vnT0lIw6ZCiCel2dlIP8gJ/4EutnkVzenR5QH6X57n/TmWyXPNfiD0uMA=="
    }
  }
}
